
Microsoft Visual Studio Solution File, Format Version 12.00
# Visual Studio Version 16
VisualStudioVersion = 16.0.30104.148
MinimumVisualStudioVersion = 10.0.40219.1
Project("{FAE04EC0-301F-11D3-BF4B-00C04F79EFBC}") = "Shoppinglist", "Shoppinglist.csproj", "{06E1A731-420F-4D3E-AB38-055D4F1D0607}"
EndProject
Global
	GlobalSection(SolutionConfigurationPlatforms) = preSolution
		Debug|Any CPU = Debug|Any CPU
		Release|Any CPU = Release|Any CPU
	EndGlobalSection
	GlobalSection(ProjectConfigurationPlatforms) = postSolution
		{06E1A731-420F-4D3E-AB38-055D4F1D0607}.Debug|Any CPU.ActiveCfg = Debug|Any CPU
		{06E1A731-420F-4D3E-AB38-055D4F1D0607}.Debug|Any CPU.Build.0 = Debug|Any CPU
		{06E1A731-420F-4D3E-AB38-055D4F1D0607}.Release|Any CPU.ActiveCfg = Release|Any CPU
		{06E1A731-420F-4D3E-AB38-055D4F1D0607}.Release|Any CPU.Build.0 = Release|Any CPU
	EndGlobalSection
	GlobalSection(SolutionProperties) = preSolution
		HideSolutionNode = FALSE
	EndGlobalSection
	GlobalSection(ExtensibilityGlobals) = postSolution
		SolutionGuid = {59EDA06D-4A48-4AE3-AF7B-D005DC2FE10C}
	EndGlobalSection
EndGlobal
